
Microsoft Visual Studio Solution File, Format Version 12.00
# Visual Studio 15
VisualStudioVersion = 15.0.28010.2041
MinimumVisualStudioVersion = 10.0.40219.1
Project("{FAE04EC0-301F-11D3-BF4B-00C04F79EFBC}") = "SuperADD", "SuperADD\SuperADD.csproj", "{E022A43E-0E85-4D09-B380-E94EA312FD86}"
EndProject
Global
	GlobalSection(SolutionConfigurationPlatforms) = preSolution
		Debug|Any CPU = Debug|Any CPU
		Release|Any CPU = Release|Any CPU
	EndGlobalSection
	GlobalSection(ProjectConfigurationPlatforms) = postSolution
		{E022A43E-0E85-4D09-B380-E94EA312FD86}.Debug|Any CPU.ActiveCfg = Debug|Any CPU
		{E022A43E-0E85-4D09-B380-E94EA312FD86}.Debug|Any CPU.Build.0 = Debug|Any CPU
		{E022A43E-0E85-4D09-B380-E94EA312FD86}.Release|Any CPU.ActiveCfg = Release|Any CPU
		{E022A43E-0E85-4D09-B380-E94EA312FD86}.Release|Any CPU.Build.0 = Release|Any CPU
	EndGlobalSection
	GlobalSection(SolutionProperties) = preSolution
		HideSolutionNode = FALSE
	EndGlobalSection
	GlobalSection(ExtensibilityGlobals) = postSolution
		SolutionGuid = {A398915D-5A60-4717-A920-79A03582FF00}
	EndGlobalSection
EndGlobal
